
Microsoft Visual Studio Solution File, Format Version 12.00
# Visual Studio Version 17
VisualStudioVersion = 17.14.36301.6 d17.14
MinimumVisualStudioVersion = 10.0.40219.1
Project("{FAE04EC0-301F-11D3-BF4B-00C04F79EFBC}") = "DataKeeperWindow", "DataKeeperWindow\DataKeeperWindow.csproj", "{AD5EA196-7459-4440-AF19-80BA3C03B4BA}"
EndProject
Global
	GlobalSection(SolutionConfigurationPlatforms) = preSolution
		Debug|Any CPU = Debug|Any CPU
		Release|Any CPU = Release|Any CPU
	EndGlobalSection
	GlobalSection(ProjectConfigurationPlatforms) = postSolution
		{AD5EA196-7459-4440-AF19-80BA3C03B4BA}.Debug|Any CPU.ActiveCfg = Debug|Any CPU
		{AD5EA196-7459-4440-AF19-80BA3C03B4BA}.Debug|Any CPU.Build.0 = Debug|Any CPU
		{AD5EA196-7459-4440-AF19-80BA3C03B4BA}.Release|Any CPU.ActiveCfg = Release|Any CPU
		{AD5EA196-7459-4440-AF19-80BA3C03B4BA}.Release|Any CPU.Build.0 = Release|Any CPU
	EndGlobalSection
	GlobalSection(SolutionProperties) = preSolution
		HideSolutionNode = FALSE
	EndGlobalSection
	GlobalSection(ExtensibilityGlobals) = postSolution
		SolutionGuid = {69FF0CC1-3171-49D6-B79D-7DDDE15C7CB6}
	EndGlobalSection
EndGlobal
